# row ordinal relative-path bytes sha256
fast-clean 00 fast-clean/main.ts 750 1ebd167356a588f71949e5451a5554c2977110b410380f9e2ea832e69e4b97a8
fast-errors 00 fast-errors/main.ts 453 a5de12afee5aaaabab7ec6311c43f11ed83c3b2edc6d5b2f7d8d1aeaf111e98b
collision 00 collision/00_augment.ts 49 1aea238685e19270e5758ab8bb713913700aef8440bb19c6436aed99ff4d2182
collision 01 collision/99_consume.ts 258 61d3e4b69590d7ce7320d38430a7040a43685ea20f5959a329ebf7f4dabd3924
fanout 00 fanout/00_global.ts 50 07a2e961867aaeacee49b5dda5c807ef622ba3eb2979aa5129169dfe5e0dda93
fanout 01 fanout/01.ts 63 558f9a206a29fbb486c557894a7e378f65a68b24e84e2505177e518376a0b693
fanout 02 fanout/02.ts 60 58dc8d06e2dc796776795647d6a367e3bd4f03d9a425b687df532e4c89e44985
fanout 03 fanout/03.ts 55 a66cc496b60a64f134eb99812004f3f5d97eaee05c3f4a9a0ee79df19613ebfa
fanout 04 fanout/04.ts 70 401646f733e727f84c9c4616e39a3b7cebace3fc79775fd9c87b158a17693836
fanout 05 fanout/05.ts 70 27061d910ee4154bbbe647528ed0bd41d7b836b3abe740fc75e1eed1e53f9ac6
fanout 06 fanout/06.ts 64 8efced170e6ff0f8829a1d14727865c25c39cdb38a40764ade7c19a21c97ff10
fanout 07 fanout/07.ts 54 a9cf3e75cd7c96d9da45c14531dc960fa7b27c0bef41953b8a69c9c8b5a23882
fanout 08 fanout/08.ts 47 89392ceb1e6423edb77c446bdd5f8e2ba49d20f8177f5fc5289a6f8d1dbc4b2a
fanout 09 fanout/09.ts 42 f22e89f964e0026fe36c4b551b3e0d47b6f7d95d9a9e13575e6450c3a838167d
fanout 10 fanout/10.ts 68 21a73493c225800e33ebe0524dd928034592470ae2f3d048e4b48ae5e047d599
fanout 11 fanout/11.ts 51 73baa5d1929fde53530901a93a549f496ff08b27fc715dcd3a862b1ecdf79086
fanout 12 fanout/12.ts 67 8c5e45d3906e665af9f768765fd2000155eda428ad7d5017a4d3cc2c646e13a8
fanout 13 fanout/13.ts 79 37d1aecdac36c3d19c7e74efaae6475f553bdebdd75e00b4d1c7370e1cd1416d
fanout 14 fanout/14.ts 48 84bf5f2086a4eb603cbe50c72904cc0e58a02122111d0867e8b21103019b71b2
fanout 15 fanout/15.ts 58 6baace35cb7711cb5a5ee26129ac10d4143040f95e2945237bd86b621c78b843
fanout 16 fanout/16.ts 64 ef0e30b1c7ef83ee8c0f4f46fece9b1dabde21136f42ac66e81987e4a0a5b4f6
fanout 17 fanout/17.ts 62 4b1edc88ee3ae6d81ef7806443ebea02268d67c61fc371cd5a429490d7d036ac
fanout 18 fanout/18.ts 48 69eda2eeab02dcc4407c0cc9842cf4a4a850a9c6431f19491c827cec9210fad4
fanout 19 fanout/19.ts 57 ba19bd39e1ccbbd086f6c8084923d85ab5c6d20409e0dda5fbce678f21de7551
fanout 20 fanout/20.ts 55 edc7b2a6dadf6d8498bdaa0b8db507aeb66a33ad26629b614336b54171dafe1b
fanout 21 fanout/21.ts 97 9b46f73bfbc4167792d0e779459c18a0858e6a2a8df97ac68fd09ab77d291185
fanout 22 fanout/22.ts 81 baa48e651c77c9d514199ac30ff9558f77ed155ed25c4c7215818a361627c1ed
fanout 23 fanout/23.ts 47 dc21d7bc5ca1d91d573b0c335d475add89b2e2f1e34039cbf4f6860997042296
fanout 24 fanout/24.ts 56 e73879834bcc1b8ad72268fbd1d5ca1601564e9f91dc6da81f611037805c22c3
fanout 25 fanout/25.ts 58 034e2328d67c03482d151051ecab7bc53446d7c55882056cd3796cd049232306
fanout 26 fanout/26.ts 45 a43d6fb9804c02d67b5265158563d3277b670b9bbf408799d4c2fce2007b878a
fanout 27 fanout/27.ts 61 8385bd6b6a56205541f2e5556b876941c3f968f3ca34febfd542baf3aab74e29
fanout 28 fanout/28.ts 80 723e23478b9e2030b15605204ff1715be8713c6b94cd5b9cd245d578f6121bbc
fanout 29 fanout/29.ts 65 17bae1b799379822f424e270d47343438c1e8b78875706aaa36c92ff15126853
fanout 30 fanout/30.ts 58 8e3ed3adcebf0cb68fe9cd13af0718dde2ce41ffa3c721bcc0d2bc49309f7945
fanout 31 fanout/31.ts 83 e6fe81865b2c27a1e83c857e084bd5179f357c3d145a1409ec5ca754d8f82cff
